
Microsoft Visual Studio Solution File, Format Version 12.00
# Visual Studio 2013
VisualStudioVersion = 12.0.31101.0
MinimumVisualStudioVersion = 10.0.40219.1
Project("{2150E333-8FDC-42A3-9474-1A3956D46DE8}") = "Help File Builder Projects", "Help File Builder Projects", "{22C5ECE1-5320-4C10-BA0C-CEC5C84DF0AB}"
	ProjectSection(SolutionItems) = preProject
		AdaptiveConsole\help\classRef.shfb = AdaptiveConsole\help\classRef.shfb
	EndProjectSection
EndProject
Project("{FAE04EC0-301F-11D3-BF4B-00C04F79EFBC}") = "AdaptiveConsole", "AdaptiveConsole\AdaptiveConsole.csproj", "{37F25256-762E-4B04-9B6E-9D2E77DC9102}"
EndProject
Global
	GlobalSection(SolutionConfigurationPlatforms) = preSolution
		Debug|Any CPU = Debug|Any CPU
		Release|Any CPU = Release|Any CPU
	EndGlobalSection
	GlobalSection(ProjectConfigurationPlatforms) = postSolution
		{37F25256-762E-4B04-9B6E-9D2E77DC9102}.Debug|Any CPU.ActiveCfg = Debug|Any CPU
		{37F25256-762E-4B04-9B6E-9D2E77DC9102}.Debug|Any CPU.Build.0 = Debug|Any CPU
		{37F25256-762E-4B04-9B6E-9D2E77DC9102}.Release|Any CPU.ActiveCfg = Release|Any CPU
		{37F25256-762E-4B04-9B6E-9D2E77DC9102}.Release|Any CPU.Build.0 = Release|Any CPU
	EndGlobalSection
	GlobalSection(SolutionProperties) = preSolution
		HideSolutionNode = FALSE
	EndGlobalSection
EndGlobal
